PODS:
  - ZLGImageRecognizeSDK (0.0.1)

DEPENDENCIES:
  - ZLGImageRecognizeSDK (from `../`)

EXTERNAL SOURCES:
  ZLGImageRecognizeSDK:
    :path: "../"

SPEC CHECKSUMS:
  ZLGImageRecognizeSDK: 5e20dc9664bffc70e3dd8fd4111ffd18727a4497

PODFILE CHECKSUM: c8592d7ba2c9fd08de737cb70aa1498f0345f08d

COCOAPODS: 1.6.0.beta.2
